
Microsoft Visual Studio Solution File, Format Version 12.00
# Visual Studio Version 17
VisualStudioVersion = 17.0.32014.148
MinimumVisualStudioVersion = 10.0.40219.1
Project("{FAE04EC0-301F-11D3-BF4B-00C04F79EFBC}") = "HotDrinksMachine", "HotDrinksMachine\HotDrinksMachine.csproj", "{398A9EC3-5A8F-4FAE-9134-B301E3045A62}"
EndProject
Global
	GlobalSection(SolutionConfigurationPlatforms) = preSolution
		Debug|Any CPU = Debug|Any CPU
		Release|Any CPU = Release|Any CPU
	EndGlobalSection
	GlobalSection(ProjectConfigurationPlatforms) = postSolution
		{398A9EC3-5A8F-4FAE-9134-B301E3045A62}.Debug|Any CPU.ActiveCfg = Debug|Any CPU
		{398A9EC3-5A8F-4FAE-9134-B301E3045A62}.Debug|Any CPU.Build.0 = Debug|Any CPU
		{398A9EC3-5A8F-4FAE-9134-B301E3045A62}.Release|Any CPU.ActiveCfg = Release|Any CPU
		{398A9EC3-5A8F-4FAE-9134-B301E3045A62}.Release|Any CPU.Build.0 = Release|Any CPU
	EndGlobalSection
	GlobalSection(SolutionProperties) = preSolution
		HideSolutionNode = FALSE
	EndGlobalSection
	GlobalSection(ExtensibilityGlobals) = postSolution
		SolutionGuid = {A561C68A-CDAE-4D9F-9898-07F081641876}
	EndGlobalSection
EndGlobal
